
Microsoft Visual Studio Solution File, Format Version 12.00
# Visual Studio Version 17
VisualStudioVersion = 17.1.32328.378
MinimumVisualStudioVersion = 10.0.40219.1
Project("{FAE04EC0-301F-11D3-BF4B-00C04F79EFBC}") = "ProcessingCenter", "ProcessingCenter\ProcessingCenter.csproj", "{176853EA-831A-4C8C-AC11-F475D79297E7}"
EndProject
Global
	GlobalSection(SolutionConfigurationPlatforms) = preSolution
		Debug|Any CPU = Debug|Any CPU
		Release|Any CPU = Release|Any CPU
	EndGlobalSection
	GlobalSection(ProjectConfigurationPlatforms) = postSolution
		{176853EA-831A-4C8C-AC11-F475D79297E7}.Debug|Any CPU.ActiveCfg = Debug|Any CPU
		{176853EA-831A-4C8C-AC11-F475D79297E7}.Debug|Any CPU.Build.0 = Debug|Any CPU
		{176853EA-831A-4C8C-AC11-F475D79297E7}.Release|Any CPU.ActiveCfg = Release|Any CPU
		{176853EA-831A-4C8C-AC11-F475D79297E7}.Release|Any CPU.Build.0 = Release|Any CPU
	EndGlobalSection
	GlobalSection(SolutionProperties) = preSolution
		HideSolutionNode = FALSE
	EndGlobalSection
	GlobalSection(ExtensibilityGlobals) = postSolution
		SolutionGuid = {88B45C36-FE1B-4E47-A962-EC18E52EFBEC}
	EndGlobalSection
EndGlobal
